
Microsoft Visual Studio Solution File, Format Version 12.00
# Visual Studio 2015
Project("{FAE04EC0-301F-11D3-BF4B-00C04F79EFBC}") = "BunnyProject", "BunnyProject.csproj", "{EBBCD3DD-AC8E-9F1B-603D-7207EBF4190B}"
EndProject
Global
	GlobalSection(SolutionConfigurationPlatforms) = preSolution
		Debug|Any CPU = Debug|Any CPU
		Release|Any CPU = Release|Any CPU
	EndGlobalSection
	GlobalSection(ProjectConfigurationPlatforms) = postSolution
		{EBBCD3DD-AC8E-9F1B-603D-7207EBF4190B}.Debug|Any CPU.ActiveCfg = Debug|Any CPU
		{EBBCD3DD-AC8E-9F1B-603D-7207EBF4190B}.Debug|Any CPU.Build.0 = Debug|Any CPU
		{EBBCD3DD-AC8E-9F1B-603D-7207EBF4190B}.Release|Any CPU.ActiveCfg = Release|Any CPU
		{EBBCD3DD-AC8E-9F1B-603D-7207EBF4190B}.Release|Any CPU.Build.0 = Release|Any CPU
	EndGlobalSection
	GlobalSection(SolutionProperties) = preSolution
		HideSolutionNode = FALSE
	EndGlobalSection
EndGlobal
